
Microsoft Visual Studio Solution File, Format Version 12.00
# Visual Studio Version 17
VisualStudioVersion = 17.12.35506.116 d17.12
MinimumVisualStudioVersion = 10.0.40219.1
Project("{FAE04EC0-301F-11D3-BF4B-00C04F79EFBC}") = "Teste Target", "Teste Target\Teste Target.csproj", "{0CF5733A-7288-4CED-BF4C-2EE9E6B6692C}"
EndProject
Global
	GlobalSection(SolutionConfigurationPlatforms) = preSolution
		Debug|Any CPU = Debug|Any CPU
		Release|Any CPU = Release|Any CPU
	EndGlobalSection
	GlobalSection(ProjectConfigurationPlatforms) = postSolution
		{0CF5733A-7288-4CED-BF4C-2EE9E6B6692C}.Debug|Any CPU.ActiveCfg = Debug|Any CPU
		{0CF5733A-7288-4CED-BF4C-2EE9E6B6692C}.Debug|Any CPU.Build.0 = Debug|Any CPU
		{0CF5733A-7288-4CED-BF4C-2EE9E6B6692C}.Release|Any CPU.ActiveCfg = Release|Any CPU
		{0CF5733A-7288-4CED-BF4C-2EE9E6B6692C}.Release|Any CPU.Build.0 = Release|Any CPU
	EndGlobalSection
	GlobalSection(SolutionProperties) = preSolution
		HideSolutionNode = FALSE
	EndGlobalSection
EndGlobal
